
Microsoft Visual Studio Solution File, Format Version 12.00
# Visual Studio 15
VisualStudioVersion = 15.0.27130.2024
MinimumVisualStudioVersion = 10.0.40219.1
Project("{FAE04EC0-301F-11D3-BF4B-00C04F79EFBC}") = "DbModel", "DbModel\DbModel.csproj", "{2CC52C5B-8002-4ED4-8948-7632002A9BDF}"
EndProject
Project("{FAE04EC0-301F-11D3-BF4B-00C04F79EFBC}") = "LiveDemo1", "LiveDemo1\LiveDemo1.csproj", "{DCA56BF2-AD5B-40E7-994A-1CD54BA04992}"
EndProject
Project("{FAE04EC0-301F-11D3-BF4B-00C04F79EFBC}") = "Dto", "Dto\Dto.csproj", "{D8618D01-4A39-446F-9487-B3E04C1DBD91}"
EndProject
Project("{FAE04EC0-301F-11D3-BF4B-00C04F79EFBC}") = "LiveDemo2", "LiveDemo2\LiveDemo2.csproj", "{4F788F67-4957-4350-AF23-244FFD94C691}"
EndProject
Project("{FAE04EC0-301F-11D3-BF4B-00C04F79EFBC}") = "LiveDemo3", "LiveDemo3\LiveDemo3.csproj", "{B6688C41-4EF1-49F2-9598-693D3ECC9661}"
EndProject
Global
	GlobalSection(SolutionConfigurationPlatforms) = preSolution
		Debug|Any CPU = Debug|Any CPU
		Release|Any CPU = Release|Any CPU
	EndGlobalSection
	GlobalSection(ProjectConfigurationPlatforms) = postSolution
		{2CC52C5B-8002-4ED4-8948-7632002A9BDF}.Debug|Any CPU.ActiveCfg = Debug|Any CPU
		{2CC52C5B-8002-4ED4-8948-7632002A9BDF}.Debug|Any CPU.Build.0 = Debug|Any CPU
		{2CC52C5B-8002-4ED4-8948-7632002A9BDF}.Release|Any CPU.ActiveCfg = Release|Any CPU
		{2CC52C5B-8002-4ED4-8948-7632002A9BDF}.Release|Any CPU.Build.0 = Release|Any CPU
		{DCA56BF2-AD5B-40E7-994A-1CD54BA04992}.Debug|Any CPU.ActiveCfg = Debug|Any CPU
		{DCA56BF2-AD5B-40E7-994A-1CD54BA04992}.Debug|Any CPU.Build.0 = Debug|Any CPU
		{DCA56BF2-AD5B-40E7-994A-1CD54BA04992}.Release|Any CPU.ActiveCfg = Release|Any CPU
		{DCA56BF2-AD5B-40E7-994A-1CD54BA04992}.Release|Any CPU.Build.0 = Release|Any CPU
		{D8618D01-4A39-446F-9487-B3E04C1DBD91}.Debug|Any CPU.ActiveCfg = Debug|Any CPU
		{D8618D01-4A39-446F-9487-B3E04C1DBD91}.Debug|Any CPU.Build.0 = Debug|Any CPU
		{D8618D01-4A39-446F-9487-B3E04C1DBD91}.Release|Any CPU.ActiveCfg = Release|Any CPU
		{D8618D01-4A39-446F-9487-B3E04C1DBD91}.Release|Any CPU.Build.0 = Release|Any CPU
		{4F788F67-4957-4350-AF23-244FFD94C691}.Debug|Any CPU.ActiveCfg = Debug|Any CPU
		{4F788F67-4957-4350-AF23-244FFD94C691}.Debug|Any CPU.Build.0 = Debug|Any CPU
		{4F788F67-4957-4350-AF23-244FFD94C691}.Release|Any CPU.ActiveCfg = Release|Any CPU
		{4F788F67-4957-4350-AF23-244FFD94C691}.Release|Any CPU.Build.0 = Release|Any CPU
		{B6688C41-4EF1-49F2-9598-693D3ECC9661}.Debug|Any CPU.ActiveCfg = Debug|Any CPU
		{B6688C41-4EF1-49F2-9598-693D3ECC9661}.Debug|Any CPU.Build.0 = Debug|Any CPU
		{B6688C41-4EF1-49F2-9598-693D3ECC9661}.Release|Any CPU.ActiveCfg = Release|Any CPU
		{B6688C41-4EF1-49F2-9598-693D3ECC9661}.Release|Any CPU.Build.0 = Release|Any CPU
	EndGlobalSection
	GlobalSection(SolutionProperties) = preSolution
		HideSolutionNode = FALSE
	EndGlobalSection
	GlobalSection(ExtensibilityGlobals) = postSolution
		SolutionGuid = {C3D9EC13-7D6C-4032-B322-7766CAF3D7D8}
	EndGlobalSection
EndGlobal
